
Microsoft Visual Studio Solution File, Format Version 12.00
# Visual Studio Version 16
VisualStudioVersion = 16.0.809.10
MinimumVisualStudioVersion = 10.0.40219.1
Project("{9344BDBB-3E7F-41FC-A0DD-8665D75EE146}") = "csharp-intro-to-program-lsn15-http-forms-studio", "csharp-intro-to-program-lsn15-http-forms-studio\csharp-intro-to-program-lsn15-http-forms-studio.mdproj", "{B0C3B7C4-CE71-498A-99DB-5C2DC59CABEE}"
EndProject
Global
	GlobalSection(SolutionConfigurationPlatforms) = preSolution
		Default|Any CPU = Default|Any CPU
	EndGlobalSection
	GlobalSection(ProjectConfigurationPlatforms) = postSolution
		{B0C3B7C4-CE71-498A-99DB-5C2DC59CABEE}.Default|Any CPU.ActiveCfg = Default|Any CPU
		{B0C3B7C4-CE71-498A-99DB-5C2DC59CABEE}.Default|Any CPU.Build.0 = Default|Any CPU
	EndGlobalSection
	GlobalSection(SolutionProperties) = preSolution
		HideSolutionNode = FALSE
	EndGlobalSection
	GlobalSection(ExtensibilityGlobals) = postSolution
		SolutionGuid = {97784A9A-5777-4A5E-8101-BD3DF483E019}
	EndGlobalSection
EndGlobal
